
Microsoft Visual Studio Solution File, Format Version 12.00
# Visual Studio Version 16
VisualStudioVersion = 16.0.29006.145
MinimumVisualStudioVersion = 15.0.26124.0
Project("{2150E333-8FDC-42A3-9474-1A3956D46DE8}") = "src", "src", "{8FFDF555-DB50-45F9-9A2D-6410F39151C3}"
	ProjectSection(SolutionItems) = preProject
		src\Directory.Build.props = src\Directory.Build.props
		src\Directory.Build.targets = src\Directory.Build.targets
	EndProjectSection
EndProject
Project("{2150E333-8FDC-42A3-9474-1A3956D46DE8}") = "test", "test", "{DF33E0FB-9790-4654-B60F-8AB22E0CC3D1}"
	ProjectSection(SolutionItems) = preProject
		test\Directory.Build.props = test\Directory.Build.props
		test\Directory.Build.targets = test\Directory.Build.targets
	EndProjectSection
EndProject
Project("{9A19103F-16F7-4668-BE54-9A1E7A4F7556}") = ".build", ".build\.build.csproj", "{55EFAE2F-A7CA-4917-A381-4A6EF5E79610}"
EndProject
Project("{2150E333-8FDC-42A3-9474-1A3956D46DE8}") = ".build", ".build", "{E3DCB78E-EE06-4EA3-88AC-762D8910387C}"
EndProject
Project("{FAE04EC0-301F-11D3-BF4B-00C04F79EFBC}") = "Rocket.Surgery.Hosting", "src\Hosting\Rocket.Surgery.Hosting.csproj", "{9E581A2A-C0D5-4F64-876B-2CC1DD9E6696}"
EndProject
Project("{FAE04EC0-301F-11D3-BF4B-00C04F79EFBC}") = "Rocket.Surgery.Hosting.Abstractions", "src\Hosting.Abstractions\Rocket.Surgery.Hosting.Abstractions.csproj", "{C0068C7F-6964-47C4-A5A2-ABBB112B2BF2}"
EndProject
Project("{FAE04EC0-301F-11D3-BF4B-00C04F79EFBC}") = "Rocket.Surgery.Hosting.Autofac", "src\Hosting.Autofac\Rocket.Surgery.Hosting.Autofac.csproj", "{92DB642B-B28C-4947-B839-8DF948673818}"
EndProject
Project("{FAE04EC0-301F-11D3-BF4B-00C04F79EFBC}") = "Rocket.Surgery.Hosting.Functions", "src\Hosting.Functions\Rocket.Surgery.Hosting.Functions.csproj", "{5B18CA35-FCD6-4CD7-A0EB-40A0E39124BF}"
EndProject
Project("{FAE04EC0-301F-11D3-BF4B-00C04F79EFBC}") = "Rocket.Surgery.Hosting.AspNetCore.Tests", "test\Hosting.AspNetCore.Tests\Rocket.Surgery.Hosting.AspNetCore.Tests.csproj", "{57E1233D-F129-4CAF-94FF-ED57B1FAFFA5}"
EndProject
Project("{FAE04EC0-301F-11D3-BF4B-00C04F79EFBC}") = "Rocket.Surgery.Hosting.Functions.Tests", "test\Hosting.Functions.Tests\Rocket.Surgery.Hosting.Functions.Tests.csproj", "{B11B3EE9-3351-463A-8285-2C021CE26DA4}"
EndProject
Project("{FAE04EC0-301F-11D3-BF4B-00C04F79EFBC}") = "Rocket.Surgery.Hosting.Tests", "test\Hosting.Tests\Rocket.Surgery.Hosting.Tests.csproj", "{0B4E6EF4-F567-4192-A4C0-4CF925FFF115}"
EndProject
Global
	GlobalSection(SolutionConfigurationPlatforms) = preSolution
		Debug|Any CPU = Debug|Any CPU
		Debug|x64 = Debug|x64
		Debug|x86 = Debug|x86
		Release|Any CPU = Release|Any CPU
		Release|x64 = Release|x64
		Release|x86 = Release|x86
	EndGlobalSection
	GlobalSection(ProjectConfigurationPlatforms) = postSolution
		{55EFAE2F-A7CA-4917-A381-4A6EF5E79610}.Debug|Any CPU.ActiveCfg = Debug|Any CPU
		{55EFAE2F-A7CA-4917-A381-4A6EF5E79610}.Debug|x64.ActiveCfg = Debug|Any CPU
		{55EFAE2F-A7CA-4917-A381-4A6EF5E79610}.Debug|x64.Build.0 = Debug|Any CPU
		{55EFAE2F-A7CA-4917-A381-4A6EF5E79610}.Debug|x86.ActiveCfg = Debug|Any CPU
		{55EFAE2F-A7CA-4917-A381-4A6EF5E79610}.Debug|x86.Build.0 = Debug|Any CPU
		{55EFAE2F-A7CA-4917-A381-4A6EF5E79610}.Release|Any CPU.ActiveCfg = Release|Any CPU
		{55EFAE2F-A7CA-4917-A381-4A6EF5E79610}.Release|x64.ActiveCfg = Release|Any CPU
		{55EFAE2F-A7CA-4917-A381-4A6EF5E79610}.Release|x64.Build.0 = Release|Any CPU
		{55EFAE2F-A7CA-4917-A381-4A6EF5E79610}.Release|x86.ActiveCfg = Release|Any CPU
		{55EFAE2F-A7CA-4917-A381-4A6EF5E79610}.Release|x86.Build.0 = Release|Any CPU
		{9E581A2A-C0D5-4F64-876B-2CC1DD9E6696}.Debug|Any CPU.ActiveCfg = Debug|Any CPU
		{9E581A2A-C0D5-4F64-876B-2CC1DD9E6696}.Debug|Any CPU.Build.0 = Debug|Any CPU
		{9E581A2A-C0D5-4F64-876B-2CC1DD9E6696}.Debug|x64.ActiveCfg = Debug|Any CPU
		{9E581A2A-C0D5-4F64-876B-2CC1DD9E6696}.Debug|x64.Build.0 = Debug|Any CPU
		{9E581A2A-C0D5-4F64-876B-2CC1DD9E6696}.Debug|x86.ActiveCfg = Debug|Any CPU
		{9E581A2A-C0D5-4F64-876B-2CC1DD9E6696}.Debug|x86.Build.0 = Debug|Any CPU
		{9E581A2A-C0D5-4F64-876B-2CC1DD9E6696}.Release|Any CPU.ActiveCfg = Release|Any CPU
		{9E581A2A-C0D5-4F64-876B-2CC1DD9E6696}.Release|Any CPU.Build.0 = Release|Any CPU
		{9E581A2A-C0D5-4F64-876B-2CC1DD9E6696}.Release|x64.ActiveCfg = Release|Any CPU
		{9E581A2A-C0D5-4F64-876B-2CC1DD9E6696}.Release|x64.Build.0 = Release|Any CPU
		{9E581A2A-C0D5-4F64-876B-2CC1DD9E6696}.Release|x86.ActiveCfg = Release|Any CPU
		{9E581A2A-C0D5-4F64-876B-2CC1DD9E6696}.Release|x86.Build.0 = Release|Any CPU
		{C0068C7F-6964-47C4-A5A2-ABBB112B2BF2}.Debug|Any CPU.ActiveCfg = Debug|Any CPU
		{C0068C7F-6964-47C4-A5A2-ABBB112B2BF2}.Debug|Any CPU.Build.0 = Debug|Any CPU
		{C0068C7F-6964-47C4-A5A2-ABBB112B2BF2}.Debug|x64.ActiveCfg = Debug|Any CPU
		{C0068C7F-6964-47C4-A5A2-ABBB112B2BF2}.Debug|x64.Build.0 = Debug|Any CPU
		{C0068C7F-6964-47C4-A5A2-ABBB112B2BF2}.Debug|x86.ActiveCfg = Debug|Any CPU
		{C0068C7F-6964-47C4-A5A2-ABBB112B2BF2}.Debug|x86.Build.0 = Debug|Any CPU
		{C0068C7F-6964-47C4-A5A2-ABBB112B2BF2}.Release|Any CPU.ActiveCfg = Release|Any CPU
		{C0068C7F-6964-47C4-A5A2-ABBB112B2BF2}.Release|Any CPU.Build.0 = Release|Any CPU
		{C0068C7F-6964-47C4-A5A2-ABBB112B2BF2}.Release|x64.ActiveCfg = Release|Any CPU
		{C0068C7F-6964-47C4-A5A2-ABBB112B2BF2}.Release|x64.Build.0 = Release|Any CPU
		{C0068C7F-6964-47C4-A5A2-ABBB112B2BF2}.Release|x86.ActiveCfg = Release|Any CPU
		{C0068C7F-6964-47C4-A5A2-ABBB112B2BF2}.Release|x86.Build.0 = Release|Any CPU
		{92DB642B-B28C-4947-B839-8DF948673818}.Debug|Any CPU.ActiveCfg = Debug|Any CPU
		{92DB642B-B28C-4947-B839-8DF948673818}.Debug|Any CPU.Build.0 = Debug|Any CPU
		{92DB642B-B28C-4947-B839-8DF948673818}.Debug|x64.ActiveCfg = Debug|Any CPU
		{92DB642B-B28C-4947-B839-8DF948673818}.Debug|x64.Build.0 = Debug|Any CPU
		{92DB642B-B28C-4947-B839-8DF948673818}.Debug|x86.ActiveCfg = Debug|Any CPU
		{92DB642B-B28C-4947-B839-8DF948673818}.Debug|x86.Build.0 = Debug|Any CPU
		{92DB642B-B28C-4947-B839-8DF948673818}.Release|Any CPU.ActiveCfg = Release|Any CPU
		{92DB642B-B28C-4947-B839-8DF948673818}.Release|Any CPU.Build.0 = Release|Any CPU
		{92DB642B-B28C-4947-B839-8DF948673818}.Release|x64.ActiveCfg = Release|Any CPU
		{92DB642B-B28C-4947-B839-8DF948673818}.Release|x64.Build.0 = Release|Any CPU
		{92DB642B-B28C-4947-B839-8DF948673818}.Release|x86.ActiveCfg = Release|Any CPU
		{92DB642B-B28C-4947-B839-8DF948673818}.Release|x86.Build.0 = Release|Any CPU
		{5B18CA35-FCD6-4CD7-A0EB-40A0E39124BF}.Debug|Any CPU.ActiveCfg = Debug|Any CPU
		{5B18CA35-FCD6-4CD7-A0EB-40A0E39124BF}.Debug|Any CPU.Build.0 = Debug|Any CPU
		{5B18CA35-FCD6-4CD7-A0EB-40A0E39124BF}.Debug|x64.ActiveCfg = Debug|Any CPU
		{5B18CA35-FCD6-4CD7-A0EB-40A0E39124BF}.Debug|x64.Build.0 = Debug|Any CPU
		{5B18CA35-FCD6-4CD7-A0EB-40A0E39124BF}.Debug|x86.ActiveCfg = Debug|Any CPU
		{5B18CA35-FCD6-4CD7-A0EB-40A0E39124BF}.Debug|x86.Build.0 = Debug|Any CPU
		{5B18CA35-FCD6-4CD7-A0EB-40A0E39124BF}.Release|Any CPU.ActiveCfg = Release|Any CPU
		{5B18CA35-FCD6-4CD7-A0EB-40A0E39124BF}.Release|Any CPU.Build.0 = Release|Any CPU
		{5B18CA35-FCD6-4CD7-A0EB-40A0E39124BF}.Release|x64.ActiveCfg = Release|Any CPU
		{5B18CA35-FCD6-4CD7-A0EB-40A0E39124BF}.Release|x64.Build.0 = Release|Any CPU
		{5B18CA35-FCD6-4CD7-A0EB-40A0E39124BF}.Release|x86.ActiveCfg = Release|Any CPU
		{5B18CA35-FCD6-4CD7-A0EB-40A0E39124BF}.Release|x86.Build.0 = Release|Any CPU
		{57E1233D-F129-4CAF-94FF-ED57B1FAFFA5}.Debug|Any CPU.ActiveCfg = Debug|Any CPU
		{57E1233D-F129-4CAF-94FF-ED57B1FAFFA5}.Debug|Any CPU.Build.0 = Debug|Any CPU
		{57E1233D-F129-4CAF-94FF-ED57B1FAFFA5}.Debug|x64.ActiveCfg = Debug|Any CPU
		{57E1233D-F129-4CAF-94FF-ED57B1FAFFA5}.Debug|x64.Build.0 = Debug|Any CPU
		{57E1233D-F129-4CAF-94FF-ED57B1FAFFA5}.Debug|x86.ActiveCfg = Debug|Any CPU
		{57E1233D-F129-4CAF-94FF-ED57B1FAFFA5}.Debug|x86.Build.0 = Debug|Any CPU
		{57E1233D-F129-4CAF-94FF-ED57B1FAFFA5}.Release|Any CPU.ActiveCfg = Release|Any CPU
		{57E1233D-F129-4CAF-94FF-ED57B1FAFFA5}.Release|Any CPU.Build.0 = Release|Any CPU
		{57E1233D-F129-4CAF-94FF-ED57B1FAFFA5}.Release|x64.ActiveCfg = Release|Any CPU
		{57E1233D-F129-4CAF-94FF-ED57B1FAFFA5}.Release|x64.Build.0 = Release|Any CPU
		{57E1233D-F129-4CAF-94FF-ED57B1FAFFA5}.Release|x86.ActiveCfg = Release|Any CPU
		{57E1233D-F129-4CAF-94FF-ED57B1FAFFA5}.Release|x86.Build.0 = Release|Any CPU
		{B11B3EE9-3351-463A-8285-2C021CE26DA4}.Debug|Any CPU.ActiveCfg = Debug|Any CPU
		{B11B3EE9-3351-463A-8285-2C021CE26DA4}.Debug|Any CPU.Build.0 = Debug|Any CPU
		{B11B3EE9-3351-463A-8285-2C021CE26DA4}.Debug|x64.ActiveCfg = Debug|Any CPU
		{B11B3EE9-3351-463A-8285-2C021CE26DA4}.Debug|x64.Build.0 = Debug|Any CPU
		{B11B3EE9-3351-463A-8285-2C021CE26DA4}.Debug|x86.ActiveCfg = Debug|Any CPU
		{B11B3EE9-3351-463A-8285-2C021CE26DA4}.Debug|x86.Build.0 = Debug|Any CPU
		{B11B3EE9-3351-463A-8285-2C021CE26DA4}.Release|Any CPU.ActiveCfg = Release|Any CPU
		{B11B3EE9-3351-463A-8285-2C021CE26DA4}.Release|Any CPU.Build.0 = Release|Any CPU
		{B11B3EE9-3351-463A-8285-2C021CE26DA4}.Release|x64.ActiveCfg = Release|Any CPU
		{B11B3EE9-3351-463A-8285-2C021CE26DA4}.Release|x64.Build.0 = Release|Any CPU
		{B11B3EE9-3351-463A-8285-2C021CE26DA4}.Release|x86.ActiveCfg = Release|Any CPU
		{B11B3EE9-3351-463A-8285-2C021CE26DA4}.Release|x86.Build.0 = Release|Any CPU
		{0B4E6EF4-F567-4192-A4C0-4CF925FFF115}.Debug|Any CPU.ActiveCfg = Debug|Any CPU
		{0B4E6EF4-F567-4192-A4C0-4CF925FFF115}.Debug|Any CPU.Build.0 = Debug|Any CPU
		{0B4E6EF4-F567-4192-A4C0-4CF925FFF115}.Debug|x64.ActiveCfg = Debug|Any CPU
		{0B4E6EF4-F567-4192-A4C0-4CF925FFF115}.Debug|x64.Build.0 = Debug|Any CPU
		{0B4E6EF4-F567-4192-A4C0-4CF925FFF115}.Debug|x86.ActiveCfg = Debug|Any CPU
		{0B4E6EF4-F567-4192-A4C0-4CF925FFF115}.Debug|x86.Build.0 = Debug|Any CPU
		{0B4E6EF4-F567-4192-A4C0-4CF925FFF115}.Release|Any CPU.ActiveCfg = Release|Any CPU
		{0B4E6EF4-F567-4192-A4C0-4CF925FFF115}.Release|Any CPU.Build.0 = Release|Any CPU
		{0B4E6EF4-F567-4192-A4C0-4CF925FFF115}.Release|x64.ActiveCfg = Release|Any CPU
		{0B4E6EF4-F567-4192-A4C0-4CF925FFF115}.Release|x64.Build.0 = Release|Any CPU
		{0B4E6EF4-F567-4192-A4C0-4CF925FFF115}.Release|x86.ActiveCfg = Release|Any CPU
		{0B4E6EF4-F567-4192-A4C0-4CF925FFF115}.Release|x86.Build.0 = Release|Any CPU
	EndGlobalSection
	GlobalSection(SolutionProperties) = preSolution
		HideSolutionNode = FALSE
	EndGlobalSection
	GlobalSection(NestedProjects) = preSolution
		{55EFAE2F-A7CA-4917-A381-4A6EF5E79610} = {E3DCB78E-EE06-4EA3-88AC-762D8910387C}
		{9E581A2A-C0D5-4F64-876B-2CC1DD9E6696} = {8FFDF555-DB50-45F9-9A2D-6410F39151C3}
		{C0068C7F-6964-47C4-A5A2-ABBB112B2BF2} = {8FFDF555-DB50-45F9-9A2D-6410F39151C3}
		{92DB642B-B28C-4947-B839-8DF948673818} = {8FFDF555-DB50-45F9-9A2D-6410F39151C3}
		{5B18CA35-FCD6-4CD7-A0EB-40A0E39124BF} = {8FFDF555-DB50-45F9-9A2D-6410F39151C3}
		{57E1233D-F129-4CAF-94FF-ED57B1FAFFA5} = {DF33E0FB-9790-4654-B60F-8AB22E0CC3D1}
		{B11B3EE9-3351-463A-8285-2C021CE26DA4} = {DF33E0FB-9790-4654-B60F-8AB22E0CC3D1}
		{0B4E6EF4-F567-4192-A4C0-4CF925FFF115} = {DF33E0FB-9790-4654-B60F-8AB22E0CC3D1}
	EndGlobalSection
	GlobalSection(ExtensibilityGlobals) = postSolution
		SolutionGuid = {439897C2-CCBD-44FE-B2DC-A3E4670ADA59}
	EndGlobalSection
EndGlobal
