
Microsoft Visual Studio Solution File, Format Version 12.00
# Visual Studio Version 16
VisualStudioVersion = 16.0.29006.145
MinimumVisualStudioVersion = 15.0.26124.0
Project("{2150E333-8FDC-42A3-9474-1A3956D46DE8}") = ".config", ".config", "{5E1B98B4-5433-4927-985F-A21C707F9D6F}"
	ProjectSection(SolutionItems) = preProject
		.editorconfig = .editorconfig
		.gitattributes = .gitattributes
		.gitignore = .gitignore
		.gitmodules = .gitmodules
		GitVersion.yml = GitVersion.yml
		LICENSE = LICENSE
		NuGet.config = NuGet.config
		omnisharp.json = omnisharp.json
		Readme.md = Readme.md
	EndProjectSection
EndProject
Project("{2150E333-8FDC-42A3-9474-1A3956D46DE8}") = ".build", ".build", "{43A8F453-FC34-4E1B-8F1B-1C829B9CBAC3}"
	ProjectSection(SolutionItems) = preProject
		.appveyor.yml = .appveyor.yml
		azure-pipelines.yml = azure-pipelines.yml
		build.ps1 = build.ps1
		build.sh = build.sh
		cakefile.cake = cakefile.cake
		Directory.Build.props = Directory.Build.props
		Directory.Build.targets = Directory.Build.targets
		tools\packages.config = tools\packages.config
		Packages.props = Packages.props
	EndProjectSection
EndProject
Project("{2150E333-8FDC-42A3-9474-1A3956D46DE8}") = ".dependabot", ".dependabot", "{5197326A-B8BB-4C7B-8A66-84B5132573B4}"
	ProjectSection(SolutionItems) = preProject
		.dependabot\config.yml = .dependabot\config.yml
	EndProjectSection
EndProject
Project("{2150E333-8FDC-42A3-9474-1A3956D46DE8}") = "src", "src", "{8FFDF555-DB50-45F9-9A2D-6410F39151C3}"
	ProjectSection(SolutionItems) = preProject
		src\Directory.Build.props = src\Directory.Build.props
		src\Directory.Build.targets = src\Directory.Build.targets
	EndProjectSection
EndProject
Project("{2150E333-8FDC-42A3-9474-1A3956D46DE8}") = "test", "test", "{DF33E0FB-9790-4654-B60F-8AB22E0CC3D1}"
	ProjectSection(SolutionItems) = preProject
		test\Directory.Build.props = test\Directory.Build.props
		test\Directory.Build.targets = test\Directory.Build.targets
	EndProjectSection
EndProject
Project("{2150E333-8FDC-42A3-9474-1A3956D46DE8}") = "sample", "sample", "{67A8E266-A432-4B6D-8A76-CABA73D09F92}"
EndProject
Project("{FAE04EC0-301F-11D3-BF4B-00C04F79EFBC}") = "AspNetCore.Host", "sample\AspNetCore.Host\AspNetCore.Host.csproj", "{53210DE1-EC6B-4D57-85DF-13C8A6AB3BFE}"
EndProject
Project("{FAE04EC0-301F-11D3-BF4B-00C04F79EFBC}") = "Extensions.Host", "sample\Extensions.Host\Extensions.Host.csproj", "{36C76EDF-D12F-4EBF-A23E-6776A2C72A6B}"
EndProject
Project("{FAE04EC0-301F-11D3-BF4B-00C04F79EFBC}") = "Functions.Host", "sample\Functions.Host\Functions.Host.csproj", "{CDA2C484-84E1-4C26-A072-842958A38E30}"
EndProject
Project("{FAE04EC0-301F-11D3-BF4B-00C04F79EFBC}") = "Rocket.Surgery.Hosting", "src\Hosting\Rocket.Surgery.Hosting.csproj", "{A677FA1B-C9A7-4E58-B06E-82FBC6132680}"
EndProject
Project("{FAE04EC0-301F-11D3-BF4B-00C04F79EFBC}") = "Rocket.Surgery.Hosting.Abstractions", "src\Hosting.Abstractions\Rocket.Surgery.Hosting.Abstractions.csproj", "{D6FAC227-5D43-42B8-8F86-7B6BBAD631F1}"
EndProject
Project("{FAE04EC0-301F-11D3-BF4B-00C04F79EFBC}") = "Rocket.Surgery.Hosting.Autofac", "src\Hosting.Autofac\Rocket.Surgery.Hosting.Autofac.csproj", "{57B883F9-0F94-4A68-BCB9-7E51DAEA2F84}"
EndProject
Project("{FAE04EC0-301F-11D3-BF4B-00C04F79EFBC}") = "Rocket.Surgery.Hosting.Functions", "src\Hosting.Functions\Rocket.Surgery.Hosting.Functions.csproj", "{735B9472-48E8-4DB8-B890-792C41FFAD66}"
EndProject
Project("{FAE04EC0-301F-11D3-BF4B-00C04F79EFBC}") = "Rocket.Surgery.Hosting.AspNetCore.Tests", "test\Hosting.AspNetCore.Tests\Rocket.Surgery.Hosting.AspNetCore.Tests.csproj", "{2341ECEE-AAA1-44C5-8B4E-1F829120EE89}"
EndProject
Project("{FAE04EC0-301F-11D3-BF4B-00C04F79EFBC}") = "Rocket.Surgery.Hosting.Tests", "test\Hosting.Tests\Rocket.Surgery.Hosting.Tests.csproj", "{FE8350F4-85E8-4432-BF9D-5E363611BAF4}"
EndProject
Project("{FAE04EC0-301F-11D3-BF4B-00C04F79EFBC}") = "Rocket.Surgery.Hosting.Functions.Tests", "test\Hosting.Functions.Tests\Rocket.Surgery.Hosting.Functions.Tests.csproj", "{FE224E1D-06EC-4FA2-9EDC-818793AE34ED}"
EndProject
Global
	GlobalSection(SolutionConfigurationPlatforms) = preSolution
		Debug|Any CPU = Debug|Any CPU
		Debug|x64 = Debug|x64
		Debug|x86 = Debug|x86
		Release|Any CPU = Release|Any CPU
		Release|x64 = Release|x64
		Release|x86 = Release|x86
	EndGlobalSection
	GlobalSection(ProjectConfigurationPlatforms) = postSolution
		{53210DE1-EC6B-4D57-85DF-13C8A6AB3BFE}.Debug|Any CPU.ActiveCfg = Debug|Any CPU
		{53210DE1-EC6B-4D57-85DF-13C8A6AB3BFE}.Debug|Any CPU.Build.0 = Debug|Any CPU
		{53210DE1-EC6B-4D57-85DF-13C8A6AB3BFE}.Debug|x64.ActiveCfg = Debug|Any CPU
		{53210DE1-EC6B-4D57-85DF-13C8A6AB3BFE}.Debug|x64.Build.0 = Debug|Any CPU
		{53210DE1-EC6B-4D57-85DF-13C8A6AB3BFE}.Debug|x86.ActiveCfg = Debug|Any CPU
		{53210DE1-EC6B-4D57-85DF-13C8A6AB3BFE}.Debug|x86.Build.0 = Debug|Any CPU
		{53210DE1-EC6B-4D57-85DF-13C8A6AB3BFE}.Release|Any CPU.ActiveCfg = Release|Any CPU
		{53210DE1-EC6B-4D57-85DF-13C8A6AB3BFE}.Release|Any CPU.Build.0 = Release|Any CPU
		{53210DE1-EC6B-4D57-85DF-13C8A6AB3BFE}.Release|x64.ActiveCfg = Release|Any CPU
		{53210DE1-EC6B-4D57-85DF-13C8A6AB3BFE}.Release|x64.Build.0 = Release|Any CPU
		{53210DE1-EC6B-4D57-85DF-13C8A6AB3BFE}.Release|x86.ActiveCfg = Release|Any CPU
		{53210DE1-EC6B-4D57-85DF-13C8A6AB3BFE}.Release|x86.Build.0 = Release|Any CPU
		{36C76EDF-D12F-4EBF-A23E-6776A2C72A6B}.Debug|Any CPU.ActiveCfg = Debug|Any CPU
		{36C76EDF-D12F-4EBF-A23E-6776A2C72A6B}.Debug|Any CPU.Build.0 = Debug|Any CPU
		{36C76EDF-D12F-4EBF-A23E-6776A2C72A6B}.Debug|x64.ActiveCfg = Debug|Any CPU
		{36C76EDF-D12F-4EBF-A23E-6776A2C72A6B}.Debug|x64.Build.0 = Debug|Any CPU
		{36C76EDF-D12F-4EBF-A23E-6776A2C72A6B}.Debug|x86.ActiveCfg = Debug|Any CPU
		{36C76EDF-D12F-4EBF-A23E-6776A2C72A6B}.Debug|x86.Build.0 = Debug|Any CPU
		{36C76EDF-D12F-4EBF-A23E-6776A2C72A6B}.Release|Any CPU.ActiveCfg = Release|Any CPU
		{36C76EDF-D12F-4EBF-A23E-6776A2C72A6B}.Release|Any CPU.Build.0 = Release|Any CPU
		{36C76EDF-D12F-4EBF-A23E-6776A2C72A6B}.Release|x64.ActiveCfg = Release|Any CPU
		{36C76EDF-D12F-4EBF-A23E-6776A2C72A6B}.Release|x64.Build.0 = Release|Any CPU
		{36C76EDF-D12F-4EBF-A23E-6776A2C72A6B}.Release|x86.ActiveCfg = Release|Any CPU
		{36C76EDF-D12F-4EBF-A23E-6776A2C72A6B}.Release|x86.Build.0 = Release|Any CPU
		{CDA2C484-84E1-4C26-A072-842958A38E30}.Debug|Any CPU.ActiveCfg = Debug|Any CPU
		{CDA2C484-84E1-4C26-A072-842958A38E30}.Debug|Any CPU.Build.0 = Debug|Any CPU
		{CDA2C484-84E1-4C26-A072-842958A38E30}.Debug|x64.ActiveCfg = Debug|Any CPU
		{CDA2C484-84E1-4C26-A072-842958A38E30}.Debug|x64.Build.0 = Debug|Any CPU
		{CDA2C484-84E1-4C26-A072-842958A38E30}.Debug|x86.ActiveCfg = Debug|Any CPU
		{CDA2C484-84E1-4C26-A072-842958A38E30}.Debug|x86.Build.0 = Debug|Any CPU
		{CDA2C484-84E1-4C26-A072-842958A38E30}.Release|Any CPU.ActiveCfg = Release|Any CPU
		{CDA2C484-84E1-4C26-A072-842958A38E30}.Release|Any CPU.Build.0 = Release|Any CPU
		{CDA2C484-84E1-4C26-A072-842958A38E30}.Release|x64.ActiveCfg = Release|Any CPU
		{CDA2C484-84E1-4C26-A072-842958A38E30}.Release|x64.Build.0 = Release|Any CPU
		{CDA2C484-84E1-4C26-A072-842958A38E30}.Release|x86.ActiveCfg = Release|Any CPU
		{CDA2C484-84E1-4C26-A072-842958A38E30}.Release|x86.Build.0 = Release|Any CPU
		{A677FA1B-C9A7-4E58-B06E-82FBC6132680}.Debug|Any CPU.ActiveCfg = Debug|Any CPU
		{A677FA1B-C9A7-4E58-B06E-82FBC6132680}.Debug|Any CPU.Build.0 = Debug|Any CPU
		{A677FA1B-C9A7-4E58-B06E-82FBC6132680}.Debug|x64.ActiveCfg = Debug|Any CPU
		{A677FA1B-C9A7-4E58-B06E-82FBC6132680}.Debug|x64.Build.0 = Debug|Any CPU
		{A677FA1B-C9A7-4E58-B06E-82FBC6132680}.Debug|x86.ActiveCfg = Debug|Any CPU
		{A677FA1B-C9A7-4E58-B06E-82FBC6132680}.Debug|x86.Build.0 = Debug|Any CPU
		{A677FA1B-C9A7-4E58-B06E-82FBC6132680}.Release|Any CPU.ActiveCfg = Release|Any CPU
		{A677FA1B-C9A7-4E58-B06E-82FBC6132680}.Release|Any CPU.Build.0 = Release|Any CPU
		{A677FA1B-C9A7-4E58-B06E-82FBC6132680}.Release|x64.ActiveCfg = Release|Any CPU
		{A677FA1B-C9A7-4E58-B06E-82FBC6132680}.Release|x64.Build.0 = Release|Any CPU
		{A677FA1B-C9A7-4E58-B06E-82FBC6132680}.Release|x86.ActiveCfg = Release|Any CPU
		{A677FA1B-C9A7-4E58-B06E-82FBC6132680}.Release|x86.Build.0 = Release|Any CPU
		{D6FAC227-5D43-42B8-8F86-7B6BBAD631F1}.Debug|Any CPU.ActiveCfg = Debug|Any CPU
		{D6FAC227-5D43-42B8-8F86-7B6BBAD631F1}.Debug|Any CPU.Build.0 = Debug|Any CPU
		{D6FAC227-5D43-42B8-8F86-7B6BBAD631F1}.Debug|x64.ActiveCfg = Debug|Any CPU
		{D6FAC227-5D43-42B8-8F86-7B6BBAD631F1}.Debug|x64.Build.0 = Debug|Any CPU
		{D6FAC227-5D43-42B8-8F86-7B6BBAD631F1}.Debug|x86.ActiveCfg = Debug|Any CPU
		{D6FAC227-5D43-42B8-8F86-7B6BBAD631F1}.Debug|x86.Build.0 = Debug|Any CPU
		{D6FAC227-5D43-42B8-8F86-7B6BBAD631F1}.Release|Any CPU.ActiveCfg = Release|Any CPU
		{D6FAC227-5D43-42B8-8F86-7B6BBAD631F1}.Release|Any CPU.Build.0 = Release|Any CPU
		{D6FAC227-5D43-42B8-8F86-7B6BBAD631F1}.Release|x64.ActiveCfg = Release|Any CPU
		{D6FAC227-5D43-42B8-8F86-7B6BBAD631F1}.Release|x64.Build.0 = Release|Any CPU
		{D6FAC227-5D43-42B8-8F86-7B6BBAD631F1}.Release|x86.ActiveCfg = Release|Any CPU
		{D6FAC227-5D43-42B8-8F86-7B6BBAD631F1}.Release|x86.Build.0 = Release|Any CPU
		{57B883F9-0F94-4A68-BCB9-7E51DAEA2F84}.Debug|Any CPU.ActiveCfg = Debug|Any CPU
		{57B883F9-0F94-4A68-BCB9-7E51DAEA2F84}.Debug|Any CPU.Build.0 = Debug|Any CPU
		{57B883F9-0F94-4A68-BCB9-7E51DAEA2F84}.Debug|x64.ActiveCfg = Debug|Any CPU
		{57B883F9-0F94-4A68-BCB9-7E51DAEA2F84}.Debug|x64.Build.0 = Debug|Any CPU
		{57B883F9-0F94-4A68-BCB9-7E51DAEA2F84}.Debug|x86.ActiveCfg = Debug|Any CPU
		{57B883F9-0F94-4A68-BCB9-7E51DAEA2F84}.Debug|x86.Build.0 = Debug|Any CPU
		{57B883F9-0F94-4A68-BCB9-7E51DAEA2F84}.Release|Any CPU.ActiveCfg = Release|Any CPU
		{57B883F9-0F94-4A68-BCB9-7E51DAEA2F84}.Release|Any CPU.Build.0 = Release|Any CPU
		{57B883F9-0F94-4A68-BCB9-7E51DAEA2F84}.Release|x64.ActiveCfg = Release|Any CPU
		{57B883F9-0F94-4A68-BCB9-7E51DAEA2F84}.Release|x64.Build.0 = Release|Any CPU
		{57B883F9-0F94-4A68-BCB9-7E51DAEA2F84}.Release|x86.ActiveCfg = Release|Any CPU
		{57B883F9-0F94-4A68-BCB9-7E51DAEA2F84}.Release|x86.Build.0 = Release|Any CPU
		{735B9472-48E8-4DB8-B890-792C41FFAD66}.Debug|Any CPU.ActiveCfg = Debug|Any CPU
		{735B9472-48E8-4DB8-B890-792C41FFAD66}.Debug|Any CPU.Build.0 = Debug|Any CPU
		{735B9472-48E8-4DB8-B890-792C41FFAD66}.Debug|x64.ActiveCfg = Debug|Any CPU
		{735B9472-48E8-4DB8-B890-792C41FFAD66}.Debug|x64.Build.0 = Debug|Any CPU
		{735B9472-48E8-4DB8-B890-792C41FFAD66}.Debug|x86.ActiveCfg = Debug|Any CPU
		{735B9472-48E8-4DB8-B890-792C41FFAD66}.Debug|x86.Build.0 = Debug|Any CPU
		{735B9472-48E8-4DB8-B890-792C41FFAD66}.Release|Any CPU.ActiveCfg = Release|Any CPU
		{735B9472-48E8-4DB8-B890-792C41FFAD66}.Release|Any CPU.Build.0 = Release|Any CPU
		{735B9472-48E8-4DB8-B890-792C41FFAD66}.Release|x64.ActiveCfg = Release|Any CPU
		{735B9472-48E8-4DB8-B890-792C41FFAD66}.Release|x64.Build.0 = Release|Any CPU
		{735B9472-48E8-4DB8-B890-792C41FFAD66}.Release|x86.ActiveCfg = Release|Any CPU
		{735B9472-48E8-4DB8-B890-792C41FFAD66}.Release|x86.Build.0 = Release|Any CPU
		{2341ECEE-AAA1-44C5-8B4E-1F829120EE89}.Debug|Any CPU.ActiveCfg = Debug|Any CPU
		{2341ECEE-AAA1-44C5-8B4E-1F829120EE89}.Debug|Any CPU.Build.0 = Debug|Any CPU
		{2341ECEE-AAA1-44C5-8B4E-1F829120EE89}.Debug|x64.ActiveCfg = Debug|Any CPU
		{2341ECEE-AAA1-44C5-8B4E-1F829120EE89}.Debug|x64.Build.0 = Debug|Any CPU
		{2341ECEE-AAA1-44C5-8B4E-1F829120EE89}.Debug|x86.ActiveCfg = Debug|Any CPU
		{2341ECEE-AAA1-44C5-8B4E-1F829120EE89}.Debug|x86.Build.0 = Debug|Any CPU
		{2341ECEE-AAA1-44C5-8B4E-1F829120EE89}.Release|Any CPU.ActiveCfg = Release|Any CPU
		{2341ECEE-AAA1-44C5-8B4E-1F829120EE89}.Release|Any CPU.Build.0 = Release|Any CPU
		{2341ECEE-AAA1-44C5-8B4E-1F829120EE89}.Release|x64.ActiveCfg = Release|Any CPU
		{2341ECEE-AAA1-44C5-8B4E-1F829120EE89}.Release|x64.Build.0 = Release|Any CPU
		{2341ECEE-AAA1-44C5-8B4E-1F829120EE89}.Release|x86.ActiveCfg = Release|Any CPU
		{2341ECEE-AAA1-44C5-8B4E-1F829120EE89}.Release|x86.Build.0 = Release|Any CPU
		{FE8350F4-85E8-4432-BF9D-5E363611BAF4}.Debug|Any CPU.ActiveCfg = Debug|Any CPU
		{FE8350F4-85E8-4432-BF9D-5E363611BAF4}.Debug|Any CPU.Build.0 = Debug|Any CPU
		{FE8350F4-85E8-4432-BF9D-5E363611BAF4}.Debug|x64.ActiveCfg = Debug|Any CPU
		{FE8350F4-85E8-4432-BF9D-5E363611BAF4}.Debug|x64.Build.0 = Debug|Any CPU
		{FE8350F4-85E8-4432-BF9D-5E363611BAF4}.Debug|x86.ActiveCfg = Debug|Any CPU
		{FE8350F4-85E8-4432-BF9D-5E363611BAF4}.Debug|x86.Build.0 = Debug|Any CPU
		{FE8350F4-85E8-4432-BF9D-5E363611BAF4}.Release|Any CPU.ActiveCfg = Release|Any CPU
		{FE8350F4-85E8-4432-BF9D-5E363611BAF4}.Release|Any CPU.Build.0 = Release|Any CPU
		{FE8350F4-85E8-4432-BF9D-5E363611BAF4}.Release|x64.ActiveCfg = Release|Any CPU
		{FE8350F4-85E8-4432-BF9D-5E363611BAF4}.Release|x64.Build.0 = Release|Any CPU
		{FE8350F4-85E8-4432-BF9D-5E363611BAF4}.Release|x86.ActiveCfg = Release|Any CPU
		{FE8350F4-85E8-4432-BF9D-5E363611BAF4}.Release|x86.Build.0 = Release|Any CPU
		{FE224E1D-06EC-4FA2-9EDC-818793AE34ED}.Debug|Any CPU.ActiveCfg = Debug|Any CPU
		{FE224E1D-06EC-4FA2-9EDC-818793AE34ED}.Debug|Any CPU.Build.0 = Debug|Any CPU
		{FE224E1D-06EC-4FA2-9EDC-818793AE34ED}.Debug|x64.ActiveCfg = Debug|Any CPU
		{FE224E1D-06EC-4FA2-9EDC-818793AE34ED}.Debug|x64.Build.0 = Debug|Any CPU
		{FE224E1D-06EC-4FA2-9EDC-818793AE34ED}.Debug|x86.ActiveCfg = Debug|Any CPU
		{FE224E1D-06EC-4FA2-9EDC-818793AE34ED}.Debug|x86.Build.0 = Debug|Any CPU
		{FE224E1D-06EC-4FA2-9EDC-818793AE34ED}.Release|Any CPU.ActiveCfg = Release|Any CPU
		{FE224E1D-06EC-4FA2-9EDC-818793AE34ED}.Release|Any CPU.Build.0 = Release|Any CPU
		{FE224E1D-06EC-4FA2-9EDC-818793AE34ED}.Release|x64.ActiveCfg = Release|Any CPU
		{FE224E1D-06EC-4FA2-9EDC-818793AE34ED}.Release|x64.Build.0 = Release|Any CPU
		{FE224E1D-06EC-4FA2-9EDC-818793AE34ED}.Release|x86.ActiveCfg = Release|Any CPU
		{FE224E1D-06EC-4FA2-9EDC-818793AE34ED}.Release|x86.Build.0 = Release|Any CPU
	EndGlobalSection
	GlobalSection(SolutionProperties) = preSolution
		HideSolutionNode = FALSE
	EndGlobalSection
	GlobalSection(ExtensibilityGlobals) = postSolution
		SolutionGuid = {439897C2-CCBD-44FE-B2DC-A3E4670ADA59}
	EndGlobalSection
	GlobalSection(NestedProjects) = preSolution
		{53210DE1-EC6B-4D57-85DF-13C8A6AB3BFE} = {67A8E266-A432-4B6D-8A76-CABA73D09F92}
		{36C76EDF-D12F-4EBF-A23E-6776A2C72A6B} = {67A8E266-A432-4B6D-8A76-CABA73D09F92}
		{CDA2C484-84E1-4C26-A072-842958A38E30} = {67A8E266-A432-4B6D-8A76-CABA73D09F92}
		{A677FA1B-C9A7-4E58-B06E-82FBC6132680} = {8FFDF555-DB50-45F9-9A2D-6410F39151C3}
		{D6FAC227-5D43-42B8-8F86-7B6BBAD631F1} = {8FFDF555-DB50-45F9-9A2D-6410F39151C3}
		{57B883F9-0F94-4A68-BCB9-7E51DAEA2F84} = {8FFDF555-DB50-45F9-9A2D-6410F39151C3}
		{735B9472-48E8-4DB8-B890-792C41FFAD66} = {8FFDF555-DB50-45F9-9A2D-6410F39151C3}
		{2341ECEE-AAA1-44C5-8B4E-1F829120EE89} = {DF33E0FB-9790-4654-B60F-8AB22E0CC3D1}
		{FE8350F4-85E8-4432-BF9D-5E363611BAF4} = {DF33E0FB-9790-4654-B60F-8AB22E0CC3D1}
		{FE224E1D-06EC-4FA2-9EDC-818793AE34ED} = {DF33E0FB-9790-4654-B60F-8AB22E0CC3D1}
	EndGlobalSection
EndGlobal
